
Microsoft Visual Studio Solution File, Format Version 12.00
# Visual Studio 15
VisualStudioVersion = 15.0.28010.2041
MinimumVisualStudioVersion = 10.0.40219.1
Project("{FAE04EC0-301F-11D3-BF4B-00C04F79EFBC}") = "ImportB24", "ImportB24\ImportB24.csproj", "{BBD03EB9-F002-4A7B-A412-2BD3AAAF34B6}"
EndProject
Global
	GlobalSection(SolutionConfigurationPlatforms) = preSolution
		Debug|Any CPU = Debug|Any CPU
		Release|Any CPU = Release|Any CPU
	EndGlobalSection
	GlobalSection(ProjectConfigurationPlatforms) = postSolution
		{BBD03EB9-F002-4A7B-A412-2BD3AAAF34B6}.Debug|Any CPU.ActiveCfg = Debug|Any CPU
		{BBD03EB9-F002-4A7B-A412-2BD3AAAF34B6}.Debug|Any CPU.Build.0 = Debug|Any CPU
		{BBD03EB9-F002-4A7B-A412-2BD3AAAF34B6}.Release|Any CPU.ActiveCfg = Release|Any CPU
		{BBD03EB9-F002-4A7B-A412-2BD3AAAF34B6}.Release|Any CPU.Build.0 = Release|Any CPU
	EndGlobalSection
	GlobalSection(SolutionProperties) = preSolution
		HideSolutionNode = FALSE
	EndGlobalSection
	GlobalSection(ExtensibilityGlobals) = postSolution
		SolutionGuid = {F2A6E415-2BBD-4CBF-A968-CA1C2973DDAE}
	EndGlobalSection
EndGlobal
